// !$*UTF8*$!
{
	archiveVersion = 1;
	classes = {
	};
	objectVersion = 63;
	objects = {

/* Begin PBXBuildFile section */
		258379F9A2DA2065D0C7A546 /* CoordinateConverter.swift in Sources */ = {isa = PBXBuildFile; fileRef = 5727EA09CD2CE15561C729CB /* CoordinateConverter.swift */; };
		3B6217CBADADAC236E9B4183 /* FrameCaptureUtility.swift in Sources */ = {isa = PBXBuildFile; fileRef = 5D021045E285BC94D0BDB498 /* FrameCaptureUtility.swift */; };
		3C8517A7CCFC0ECD49133DFF /* SmartCollectionsGalleryView.swift in Sources */ = {isa = PBXBuildFile; fileRef = E92F83F9AD7C0473003B123B /* SmartCollectionsGalleryView.swift */; };
		3CC4617DCB235C2284E5EA2D /* MapboxMapView.swift in Sources */ = {isa = PBXBuildFile; fileRef = 090EC21C20B810688F6B7058 /* MapboxMapView.swift */; };
		402C056B11AE61D8CC600C73 /* MapStyleManager.swift in Sources */ = {isa = PBXBuildFile; fileRef = 0CA1EB0FE47987CB9607ED93 /* MapStyleManager.swift */; };
		53760320BAB5F2F4FECFB66A /* FootprintMapApp.swift in Sources */ = {isa = PBXBuildFile; fileRef = CAD6585D1AF999FAEFF50624 /* FootprintMapApp.swift */; };
		5B752C44B68BC1DF45586D8A /* Assets.xcassets in Resources */ = {isa = PBXBuildFile; fileRef = F719F5AD700BE27D0101BF99 /* Assets.xcassets */; };
		754FB0E49233D6A54A289D78 /* PhotoMapViews.swift in Sources */ = {isa = PBXBuildFile; fileRef = EDC4D545B115B5A7D3A50D65 /* PhotoMapViews.swift */; };
		987C36FFB14D4E34CD1DF256 /* PlaybackController.swift in Sources */ = {isa = PBXBuildFile; fileRef = 7ED74ABA6C5B1A0F7B29A4D6 /* PlaybackController.swift */; };
		B00B3D0F6E6858FA57113955 /* PhotoGalleryViews.swift in Sources */ = {isa = PBXBuildFile; fileRef = 7A7ACBA6FBE014B70B302419 /* PhotoGalleryViews.swift */; };
		C68F8DE29D2C457A6032DD96 /* VideoExportEngine.swift in Sources */ = {isa = PBXBuildFile; fileRef = 4099D8DE3E5C4269DA1F4B83 /* VideoExportEngine.swift */; };
		CE309859CD4F9750CE3D4E37 /* BackgroundVideoSynthesizer.swift in Sources */ = {isa = PBXBuildFile; fileRef = E913A7D2D99C1E186F7A84E3 /* BackgroundVideoSynthesizer.swift */; };
		D1850647E0A565FB83ED2E16 /* ExportSettingsView.swift in Sources */ = {isa = PBXBuildFile; fileRef = 4346E724CCC474E29584B642 /* ExportSettingsView.swift */; };
		D8948C79AB7572D258266685 /* CinematicExportRenderer.swift in Sources */ = {isa = PBXBuildFile; fileRef = 8DD3B1DFFD4B8C8B9F33C431 /* CinematicExportRenderer.swift */; };
		E0992C8623F03FC52C660600 /* FootprintHomeView.swift in Sources */ = {isa = PBXBuildFile; fileRef = 925EB0DDE467CCF94B2A3B75 /* FootprintHomeView.swift */; };
		EEB49BCFED48E85F8A36C034 /* MapboxMaps in Frameworks */ = {isa = PBXBuildFile; productRef = 37AA571A378D07F642DAC6AC /* MapboxMaps */; };
/* End PBXBuildFile section */

/* Begin PBXFileReference section */
		090EC21C20B810688F6B7058 /* MapboxMapView.swift */ = {isa = PBXFileReference; lastKnownFileType = sourcecode.swift; path = MapboxMapView.swift; sourceTree = "<group>"; };
		0CA1EB0FE47987CB9607ED93 /* MapStyleManager.swift */ = {isa = PBXFileReference; lastKnownFileType = sourcecode.swift; path = MapStyleManager.swift; sourceTree = "<group>"; };
		4099D8DE3E5C4269DA1F4B83 /* VideoExportEngine.swift */ = {isa = PBXFileReference; lastKnownFileType = sourcecode.swift; path = VideoExportEngine.swift; sourceTree = "<group>"; };
		4346E724CCC474E29584B642 /* ExportSettingsView.swift */ = {isa = PBXFileReference; lastKnownFileType = sourcecode.swift; path = ExportSettingsView.swift; sourceTree = "<group>"; };
		5727EA09CD2CE15561C729CB /* CoordinateConverter.swift */ = {isa = PBXFileReference; lastKnownFileType = sourcecode.swift; path = CoordinateConverter.swift; sourceTree = "<group>"; };
		5D021045E285BC94D0BDB498 /* FrameCaptureUtility.swift */ = {isa = PBXFileReference; lastKnownFileType = sourcecode.swift; path = FrameCaptureUtility.swift; sourceTree = "<group>"; };
		752506D7891C648ADDD56748 /* FootprintMap.app */ = {isa = PBXFileReference; explicitFileType = wrapper.application; includeInIndex = 0; path = FootprintMap.app; sourceTree = BUILT_PRODUCTS_DIR; };
		7A7ACBA6FBE014B70B302419 /* PhotoGalleryViews.swift */ = {isa = PBXFileReference; lastKnownFileType = sourcecode.swift; path = PhotoGalleryViews.swift; sourceTree = "<group>"; };
		7ED74ABA6C5B1A0F7B29A4D6 /* PlaybackController.swift */ = {isa = PBXFileReference; lastKnownFileType = sourcecode.swift; path = PlaybackController.swift; sourceTree = "<group>"; };
		8DD3B1DFFD4B8C8B9F33C431 /* CinematicExportRenderer.swift */ = {isa = PBXFileReference; lastKnownFileType = sourcecode.swift; path = CinematicExportRenderer.swift; sourceTree = "<group>"; };
		925EB0DDE467CCF94B2A3B75 /* FootprintHomeView.swift */ = {isa = PBXFileReference; lastKnownFileType = sourcecode.swift; path = FootprintHomeView.swift; sourceTree = "<group>"; };
		CAD6585D1AF999FAEFF50624 /* FootprintMapApp.swift */ = {isa = PBXFileReference; lastKnownFileType = sourcecode.swift; path = FootprintMapApp.swift; sourceTree = "<group>"; };
		D5599BCA78B1E7B317DA1EBB /* Info.plist */ = {isa = PBXFileReference; lastKnownFileType = text.plist; path = Info.plist; sourceTree = "<group>"; };
		E913A7D2D99C1E186F7A84E3 /* BackgroundVideoSynthesizer.swift */ = {isa = PBXFileReference; lastKnownFileType = sourcecode.swift; path = BackgroundVideoSynthesizer.swift; sourceTree = "<group>"; };
		E92F83F9AD7C0473003B123B /* SmartCollectionsGalleryView.swift */ = {isa = PBXFileReference; lastKnownFileType = sourcecode.swift; path = SmartCollectionsGalleryView.swift; sourceTree = "<group>"; };
		EDC4D545B115B5A7D3A50D65 /* PhotoMapViews.swift */ = {isa = PBXFileReference; lastKnownFileType = sourcecode.swift; path = PhotoMapViews.swift; sourceTree = "<group>"; };
		F719F5AD700BE27D0101BF99 /* Assets.xcassets */ = {isa = PBXFileReference; lastKnownFileType = folder.assetcatalog; path = Assets.xcassets; sourceTree = "<group>"; };
/* End PBXFileReference section */

/* Begin PBXFrameworksBuildPhase section */
		E41FA8F4EC83927011CC12F4 /* Frameworks */ = {
			isa = PBXFrameworksBuildPhase;
			buildActionMask = 2147483647;
			files = (
				EEB49BCFED48E85F8A36C034 /* MapboxMaps in Frameworks */,
			);
			runOnlyForDeploymentPostprocessing = 0;
		};
/* End PBXFrameworksBuildPhase section */

/* Begin PBXGroup section */
		26F062EBDA4919EB42060A9D /* Products */ = {
			isa = PBXGroup;
			children = (
				752506D7891C648ADDD56748 /* FootprintMap.app */,
			);
			name = Products;
			sourceTree = "<group>";
		};
		26F70EFF1D62C00DCE6AEBD4 = {
			isa = PBXGroup;
			children = (
				EBF632A51E801D222C0F6068 /* FootprintMap */,
				26F062EBDA4919EB42060A9D /* Products */,
			);
			sourceTree = "<group>";
		};
		EBF632A51E801D222C0F6068 /* FootprintMap */ = {
			isa = PBXGroup;
			children = (
				F719F5AD700BE27D0101BF99 /* Assets.xcassets */,
				E913A7D2D99C1E186F7A84E3 /* BackgroundVideoSynthesizer.swift */,
				8DD3B1DFFD4B8C8B9F33C431 /* CinematicExportRenderer.swift */,
				5727EA09CD2CE15561C729CB /* CoordinateConverter.swift */,
				4346E724CCC474E29584B642 /* ExportSettingsView.swift */,
				925EB0DDE467CCF94B2A3B75 /* FootprintHomeView.swift */,
				CAD6585D1AF999FAEFF50624 /* FootprintMapApp.swift */,
				5D021045E285BC94D0BDB498 /* FrameCaptureUtility.swift */,
				D5599BCA78B1E7B317DA1EBB /* Info.plist */,
				090EC21C20B810688F6B7058 /* MapboxMapView.swift */,
				0CA1EB0FE47987CB9607ED93 /* MapStyleManager.swift */,
				7A7ACBA6FBE014B70B302419 /* PhotoGalleryViews.swift */,
				EDC4D545B115B5A7D3A50D65 /* PhotoMapViews.swift */,
				7ED74ABA6C5B1A0F7B29A4D6 /* PlaybackController.swift */,
				E92F83F9AD7C0473003B123B /* SmartCollectionsGalleryView.swift */,
				4099D8DE3E5C4269DA1F4B83 /* VideoExportEngine.swift */,
			);
			path = FootprintMap;
			sourceTree = "<group>";
		};
/* End PBXGroup section */

/* Begin PBXNativeTarget section */
		6087C6B979AB9F54E464E8BE /* FootprintMap */ = {
			isa = PBXNativeTarget;
			buildConfigurationList = 2299EDCEBCB14562E3D2183C /* Build configuration list for PBXNativeTarget "FootprintMap" */;
			buildPhases = (
				9603B29587172C557E94A8F8 /* Sources */,
				6EBB736CB3F28FD71DEAE181 /* Resources */,
				E41FA8F4EC83927011CC12F4 /* Frameworks */,
			);
			buildRules = (
			);
			dependencies = (
			);
			name = FootprintMap;
			packageProductDependencies = (
				37AA571A378D07F642DAC6AC /* MapboxMaps */,
			);
			productName = FootprintMap;
			productReference = 752506D7891C648ADDD56748 /* FootprintMap.app */;
			productType = "com.apple.product-type.application";
		};
/* End PBXNativeTarget section */

/* Begin PBXProject section */
		48ED4131ED2C8DA1B7269472 /* Project object */ = {
			isa = PBXProject;
			attributes = {
				BuildIndependentTargetsInParallel = YES;
				LastUpgradeCheck = 1430;
			};
			buildConfigurationList = 772985135B6925BDD7F6D04A /* Build configuration list for PBXProject "FootprintMap" */;
			compatibilityVersion = "Xcode 14.0";
			developmentRegion = en;
			hasScannedForEncodings = 0;
			knownRegions = (
				Base,
				en,
			);
			mainGroup = 26F70EFF1D62C00DCE6AEBD4;
			minimizedProjectReferenceProxies = 1;
			packageReferences = (
				3B023FD69D751165443514D4 /* XCRemoteSwiftPackageReference "mapbox-maps-ios" */,
			);
			projectDirPath = "";
			projectRoot = "";
			targets = (
				6087C6B979AB9F54E464E8BE /* FootprintMap */,
			);
		};
/* End PBXProject section */

/* Begin PBXResourcesBuildPhase section */
		6EBB736CB3F28FD71DEAE181 /* Resources */ = {
			isa = PBXResourcesBuildPhase;
			buildActionMask = 2147483647;
			files = (
				5B752C44B68BC1DF45586D8A /* Assets.xcassets in Resources */,
			);
			runOnlyForDeploymentPostprocessing = 0;
		};
/* End PBXResourcesBuildPhase section */

/* Begin PBXSourcesBuildPhase section */
		9603B29587172C557E94A8F8 /* Sources */ = {
			isa = PBXSourcesBuildPhase;
			buildActionMask = 2147483647;
			files = (
				CE309859CD4F9750CE3D4E37 /* BackgroundVideoSynthesizer.swift in Sources */,
				D8948C79AB7572D258266685 /* CinematicExportRenderer.swift in Sources */,
				258379F9A2DA2065D0C7A546 /* CoordinateConverter.swift in Sources */,
				D1850647E0A565FB83ED2E16 /* ExportSettingsView.swift in Sources */,
				E0992C8623F03FC52C660600 /* FootprintHomeView.swift in Sources */,
				53760320BAB5F2F4FECFB66A /* FootprintMapApp.swift in Sources */,
				3B6217CBADADAC236E9B4183 /* FrameCaptureUtility.swift in Sources */,
				402C056B11AE61D8CC600C73 /* MapStyleManager.swift in Sources */,
				3CC4617DCB235C2284E5EA2D /* MapboxMapView.swift in Sources */,
				B00B3D0F6E6858FA57113955 /* PhotoGalleryViews.swift in Sources */,
				754FB0E49233D6A54A289D78 /* PhotoMapViews.swift in Sources */,
				987C36FFB14D4E34CD1DF256 /* PlaybackController.swift in Sources */,
				3C8517A7CCFC0ECD49133DFF /* SmartCollectionsGalleryView.swift in Sources */,
				C68F8DE29D2C457A6032DD96 /* VideoExportEngine.swift in Sources */,
			);
			runOnlyForDeploymentPostprocessing = 0;
		};
/* End PBXSourcesBuildPhase section */

/* Begin XCBuildConfiguration section */
		74753C77339CF11B26D8240E /* Release */ = {
			isa = XCBuildConfiguration;
			buildSettings = {
				ALWAYS_SEARCH_USER_PATHS = NO;
				CLANG_ANALYZER_NONNULL = YES;
				CLANG_ANALYZER_NUMBER_OBJECT_CONVERSION = YES_AGGRESSIVE;
				CLANG_CXX_LANGUAGE_STANDARD = "gnu++14";
				CLANG_CXX_LIBRARY = "libc++";
				CLANG_ENABLE_MODULES = YES;
				CLANG_ENABLE_OBJC_ARC = YES;
				CLANG_ENABLE_OBJC_WEAK = YES;
				CLANG_WARN_BLOCK_CAPTURE_AUTORELEASING = YES;
				CLANG_WARN_BOOL_CONVERSION = YES;
				CLANG_WARN_COMMA = YES;
				CLANG_WARN_CONSTANT_CONVERSION = YES;
				CLANG_WARN_DEPRECATED_OBJC_IMPLEMENTATIONS = YES;
				CLANG_WARN_DIRECT_OBJC_ISA_USAGE = YES_ERROR;
				CLANG_WARN_DOCUMENTATION_COMMENTS = YES;
				CLANG_WARN_EMPTY_BODY = YES;
				CLANG_WARN_ENUM_CONVERSION = YES;
				CLANG_WARN_INFINITE_RECURSION = YES;
				CLANG_WARN_INT_CONVERSION = YES;
				CLANG_WARN_NON_LITERAL_NULL_CONVERSION = YES;
				CLANG_WARN_OBJC_IMPLICIT_RETAIN_SELF = YES;
				CLANG_WARN_OBJC_LITERAL_CONVERSION = YES;
				CLANG_WARN_OBJC_ROOT_CLASS = YES_ERROR;
				CLANG_WARN_QUOTED_INCLUDE_IN_FRAMEWORK_HEADER = YES;
				CLANG_WARN_RANGE_LOOP_ANALYSIS = YES;
				CLANG_WARN_STRICT_PROTOTYPES = YES;
				CLANG_WARN_SUSPICIOUS_MOVE = YES;
				CLANG_WARN_UNGUARDED_AVAILABILITY = YES_AGGRESSIVE;
				CLANG_WARN_UNREACHABLE_CODE = YES;
				CLANG_WARN__DUPLICATE_METHOD_MATCH = YES;
				COPY_PHASE_STRIP = NO;
				DEBUG_INFORMATION_FORMAT = "dwarf-with-dsym";
				ENABLE_NS_ASSERTIONS = NO;
				ENABLE_STRICT_OBJC_MSGSEND = YES;
				GCC_C_LANGUAGE_STANDARD = gnu11;
				GCC_NO_COMMON_BLOCKS = YES;
				GCC_WARN_64_TO_32_BIT_CONVERSION = YES;
				GCC_WARN_ABOUT_RETURN_TYPE = YES_ERROR;
				GCC_WARN_UNDECLARED_SELECTOR = YES;
				GCC_WARN_UNINITIALIZED_AUTOS = YES_AGGRESSIVE;
				GCC_WARN_UNUSED_FUNCTION = YES;
				GCC_WARN_UNUSED_VARIABLE = YES;
				MTL_ENABLE_DEBUG_INFO = NO;
				MTL_FAST_MATH = YES;
				PRODUCT_NAME = "$(TARGET_NAME)";
				SDKROOT = iphoneos;
				SWIFT_COMPILATION_MODE = wholemodule;
				SWIFT_OPTIMIZATION_LEVEL = "-O";
				SWIFT_VERSION = 5.0;
			};
			name = Release;
		};
		76F4A8DEEE9851EB6DB8303E /* Release */ = {
			isa = XCBuildConfiguration;
			buildSettings = {
				ASSETCATALOG_COMPILER_APPICON_NAME = AppIcon;
				CODE_SIGN_IDENTITY = "iPhone Developer";
				DEVELOPMENT_TEAM = 23P38GGRY2;
				INFOPLIST_FILE = FootprintMap/Info.plist;
				IPHONEOS_DEPLOYMENT_TARGET = 17.0;
				LD_RUNPATH_SEARCH_PATHS = (
					"$(inherited)",
					"@executable_path/Frameworks",
				);
				PRODUCT_BUNDLE_IDENTIFIER = com.seven.FootprintMap;
				SDKROOT = iphoneos;
				TARGETED_DEVICE_FAMILY = "1,2";
			};
			name = Release;
		};
		B0E0D82D54DA8BBD9893992A /* Debug */ = {
			isa = XCBuildConfiguration;
			buildSettings = {
				ALWAYS_SEARCH_USER_PATHS = NO;
				CLANG_ANALYZER_NONNULL = YES;
				CLANG_ANALYZER_NUMBER_OBJECT_CONVERSION = YES_AGGRESSIVE;
				CLANG_CXX_LANGUAGE_STANDARD = "gnu++14";
				CLANG_CXX_LIBRARY = "libc++";
				CLANG_ENABLE_MODULES = YES;
				CLANG_ENABLE_OBJC_ARC = YES;
				CLANG_ENABLE_OBJC_WEAK = YES;
				CLANG_WARN_BLOCK_CAPTURE_AUTORELEASING = YES;
				CLANG_WARN_BOOL_CONVERSION = YES;
				CLANG_WARN_COMMA = YES;
				CLANG_WARN_CONSTANT_CONVERSION = YES;
				CLANG_WARN_DEPRECATED_OBJC_IMPLEMENTATIONS = YES;
				CLANG_WARN_DIRECT_OBJC_ISA_USAGE = YES_ERROR;
				CLANG_WARN_DOCUMENTATION_COMMENTS = YES;
				CLANG_WARN_EMPTY_BODY = YES;
				CLANG_WARN_ENUM_CONVERSION = YES;
				CLANG_WARN_INFINITE_RECURSION = YES;
				CLANG_WARN_INT_CONVERSION = YES;
				CLANG_WARN_NON_LITERAL_NULL_CONVERSION = YES;
				CLANG_WARN_OBJC_IMPLICIT_RETAIN_SELF = YES;
				CLANG_WARN_OBJC_LITERAL_CONVERSION = YES;
				CLANG_WARN_OBJC_ROOT_CLASS = YES_ERROR;
				CLANG_WARN_QUOTED_INCLUDE_IN_FRAMEWORK_HEADER = YES;
				CLANG_WARN_RANGE_LOOP_ANALYSIS = YES;
				CLANG_WARN_STRICT_PROTOTYPES = YES;
				CLANG_WARN_SUSPICIOUS_MOVE = YES;
				CLANG_WARN_UNGUARDED_AVAILABILITY = YES_AGGRESSIVE;
				CLANG_WARN_UNREACHABLE_CODE = YES;
				CLANG_WARN__DUPLICATE_METHOD_MATCH = YES;
				COPY_PHASE_STRIP = NO;
				DEBUG_INFORMATION_FORMAT = dwarf;
				ENABLE_STRICT_OBJC_MSGSEND = YES;
				ENABLE_TESTABILITY = YES;
				GCC_C_LANGUAGE_STANDARD = gnu11;
				GCC_DYNAMIC_NO_PIC = NO;
				GCC_NO_COMMON_BLOCKS = YES;
				GCC_OPTIMIZATION_LEVEL = 0;
				GCC_PREPROCESSOR_DEFINITIONS = (
					"$(inherited)",
					"DEBUG=1",
				);
				GCC_WARN_64_TO_32_BIT_CONVERSION = YES;
				GCC_WARN_ABOUT_RETURN_TYPE = YES_ERROR;
				GCC_WARN_UNDECLARED_SELECTOR = YES;
				GCC_WARN_UNINITIALIZED_AUTOS = YES_AGGRESSIVE;
				GCC_WARN_UNUSED_FUNCTION = YES;
				GCC_WARN_UNUSED_VARIABLE = YES;
				MTL_ENABLE_DEBUG_INFO = INCLUDE_SOURCE;
				MTL_FAST_MATH = YES;
				ONLY_ACTIVE_ARCH = YES;
				PRODUCT_NAME = "$(TARGET_NAME)";
				SDKROOT = iphoneos;
				SWIFT_ACTIVE_COMPILATION_CONDITIONS = DEBUG;
				SWIFT_OPTIMIZATION_LEVEL = "-Onone";
				SWIFT_VERSION = 5.0;
			};
			name = Debug;
		};
		BDB3E60F1E3C71A837CAAA52 /* Debug */ = {
			isa = XCBuildConfiguration;
			buildSettings = {
				ASSETCATALOG_COMPILER_APPICON_NAME = AppIcon;
				CODE_SIGN_IDENTITY = "iPhone Developer";
				DEVELOPMENT_TEAM = 23P38GGRY2;
				INFOPLIST_FILE = FootprintMap/Info.plist;
				IPHONEOS_DEPLOYMENT_TARGET = 17.0;
				LD_RUNPATH_SEARCH_PATHS = (
					"$(inherited)",
					"@executable_path/Frameworks",
				);
				PRODUCT_BUNDLE_IDENTIFIER = com.seven.FootprintMap;
				SDKROOT = iphoneos;
				TARGETED_DEVICE_FAMILY = "1,2";
			};
			name = Debug;
		};
/* End XCBuildConfiguration section */

/* Begin XCConfigurationList section */
		2299EDCEBCB14562E3D2183C /* Build configuration list for PBXNativeTarget "FootprintMap" */ = {
			isa = XCConfigurationList;
			buildConfigurations = (
				BDB3E60F1E3C71A837CAAA52 /* Debug */,
				76F4A8DEEE9851EB6DB8303E /* Release */,
			);
			defaultConfigurationIsVisible = 0;
			defaultConfigurationName = Debug;
		};
		772985135B6925BDD7F6D04A /* Build configuration list for PBXProject "FootprintMap" */ = {
			isa = XCConfigurationList;
			buildConfigurations = (
				B0E0D82D54DA8BBD9893992A /* Debug */,
				74753C77339CF11B26D8240E /* Release */,
			);
			defaultConfigurationIsVisible = 0;
			defaultConfigurationName = Debug;
		};
/* End XCConfigurationList section */

/* Begin XCRemoteSwiftPackageReference section */
		3B023FD69D751165443514D4 /* XCRemoteSwiftPackageReference "mapbox-maps-ios" */ = {
			isa = XCRemoteSwiftPackageReference;
			repositoryURL = "https://github.com/mapbox/mapbox-maps-ios.git";
			requirement = {
				kind = upToNextMajorVersion;
				minimumVersion = 11.0.0;
			};
		};
/* End XCRemoteSwiftPackageReference section */

/* Begin XCSwiftPackageProductDependency section */
		37AA571A378D07F642DAC6AC /* MapboxMaps */ = {
			isa = XCSwiftPackageProductDependency;
			package = 3B023FD69D751165443514D4 /* XCRemoteSwiftPackageReference "mapbox-maps-ios" */;
			productName = MapboxMaps;
		};
/* End XCSwiftPackageProductDependency section */
	};
	rootObject = 48ED4131ED2C8DA1B7269472 /* Project object */;
}
